
Microsoft Visual Studio Solution File, Format Version 12.00
Project("{2150E333-8FDC-42A3-9474-1A3956D46DE8}") = "Apps", "Apps", "{36EE9E22-1E3A-476C-8FBA-6D341D1C4D0E}"
EndProject
Project("{FAE04EC0-301F-11D3-BF4B-00C04F79EFBC}") = "Blog.SharedKernel", "Blog.SharedKernel\Blog.SharedKernel.csproj", "{29AC4CD9-BB9E-49FA-A08F-32BF196D2D5C}"
EndProject
Project("{2150E333-8FDC-42A3-9474-1A3956D46DE8}") = "Admin", "Admin", "{6E6121C8-0518-4734-988B-396D204C54F7}"
EndProject
Project("{2150E333-8FDC-42A3-9474-1A3956D46DE8}") = "Common", "Common", "{A41B0565-2C10-409D-9858-6EA48A2DF407}"
EndProject
Project("{2150E333-8FDC-42A3-9474-1A3956D46DE8}") = "BM", "BM", "{A8264AB2-3102-49BA-B218-A41E23E70D32}"
EndProject
Project("{FAE04EC0-301F-11D3-BF4B-00C04F79EFBC}") = "Blog.Common.Domain", "Apps\Common\Blog.Common.Domain\Blog.Common.Domain.csproj", "{8C6A2F0C-F776-46C0-9F03-822D84BF8FCE}"
EndProject
Project("{FAE04EC0-301F-11D3-BF4B-00C04F79EFBC}") = "Blog.Common.Application", "Apps\Common\Blog.Common.Application\Blog.Common.Application.csproj", "{E40E6204-74AE-4D83-B978-4AED19E5D4DE}"
EndProject
Project("{FAE04EC0-301F-11D3-BF4B-00C04F79EFBC}") = "Blog.Common.Infrastructure", "Apps\Common\Blog.Common.Infrastructure\Blog.Common.Infrastructure.csproj", "{BA996B13-2FDD-4FE1-9924-621400864E10}"
EndProject
Project("{FAE04EC0-301F-11D3-BF4B-00C04F79EFBC}") = "Blog.Common.Api", "Apps\Common\Blog.Common.Api\Blog.Common.Api.csproj", "{317774A5-009D-4BFA-9978-223C395B86E0}"
EndProject
Project("{FAE04EC0-301F-11D3-BF4B-00C04F79EFBC}") = "Blog.BM.Api", "Apps\BM\Blog.BM.Api\Blog.BM.Api.csproj", "{B6A66714-2BC1-4B44-B7EB-F56FFFB37BEA}"
EndProject
Project("{FAE04EC0-301F-11D3-BF4B-00C04F79EFBC}") = "Blog.BM.Domain", "Apps\BM\Blog.BM.Domain\Blog.BM.Domain.csproj", "{E3175397-7348-4B31-B1BC-4B34A786B303}"
EndProject
Project("{FAE04EC0-301F-11D3-BF4B-00C04F79EFBC}") = "Blog.BM.Application", "Apps\BM\Blog.BM.Application\Blog.BM.Application.csproj", "{3D727213-0CA5-4852-ABD5-D580D43960E4}"
EndProject
Project("{FAE04EC0-301F-11D3-BF4B-00C04F79EFBC}") = "Blog.BM.Infrastructure", "Apps\BM\Blog.BM.Infrastructure\Blog.BM.Infrastructure.csproj", "{0661027A-149E-4560-BF2C-79F58479640A}"
EndProject
Global
	GlobalSection(SolutionConfigurationPlatforms) = preSolution
		Debug|Any CPU = Debug|Any CPU
		Release|Any CPU = Release|Any CPU
	EndGlobalSection
	GlobalSection(ProjectConfigurationPlatforms) = postSolution
		{29AC4CD9-BB9E-49FA-A08F-32BF196D2D5C}.Debug|Any CPU.ActiveCfg = Debug|Any CPU
		{29AC4CD9-BB9E-49FA-A08F-32BF196D2D5C}.Debug|Any CPU.Build.0 = Debug|Any CPU
		{29AC4CD9-BB9E-49FA-A08F-32BF196D2D5C}.Release|Any CPU.ActiveCfg = Release|Any CPU
		{29AC4CD9-BB9E-49FA-A08F-32BF196D2D5C}.Release|Any CPU.Build.0 = Release|Any CPU
		{8C6A2F0C-F776-46C0-9F03-822D84BF8FCE}.Debug|Any CPU.ActiveCfg = Debug|Any CPU
		{8C6A2F0C-F776-46C0-9F03-822D84BF8FCE}.Debug|Any CPU.Build.0 = Debug|Any CPU
		{8C6A2F0C-F776-46C0-9F03-822D84BF8FCE}.Release|Any CPU.ActiveCfg = Release|Any CPU
		{8C6A2F0C-F776-46C0-9F03-822D84BF8FCE}.Release|Any CPU.Build.0 = Release|Any CPU
		{E40E6204-74AE-4D83-B978-4AED19E5D4DE}.Debug|Any CPU.ActiveCfg = Debug|Any CPU
		{E40E6204-74AE-4D83-B978-4AED19E5D4DE}.Debug|Any CPU.Build.0 = Debug|Any CPU
		{E40E6204-74AE-4D83-B978-4AED19E5D4DE}.Release|Any CPU.ActiveCfg = Release|Any CPU
		{E40E6204-74AE-4D83-B978-4AED19E5D4DE}.Release|Any CPU.Build.0 = Release|Any CPU
		{BA996B13-2FDD-4FE1-9924-621400864E10}.Debug|Any CPU.ActiveCfg = Debug|Any CPU
		{BA996B13-2FDD-4FE1-9924-621400864E10}.Debug|Any CPU.Build.0 = Debug|Any CPU
		{BA996B13-2FDD-4FE1-9924-621400864E10}.Release|Any CPU.ActiveCfg = Release|Any CPU
		{BA996B13-2FDD-4FE1-9924-621400864E10}.Release|Any CPU.Build.0 = Release|Any CPU
		{317774A5-009D-4BFA-9978-223C395B86E0}.Debug|Any CPU.ActiveCfg = Debug|Any CPU
		{317774A5-009D-4BFA-9978-223C395B86E0}.Debug|Any CPU.Build.0 = Debug|Any CPU
		{317774A5-009D-4BFA-9978-223C395B86E0}.Release|Any CPU.ActiveCfg = Release|Any CPU
		{317774A5-009D-4BFA-9978-223C395B86E0}.Release|Any CPU.Build.0 = Release|Any CPU
		{B6A66714-2BC1-4B44-B7EB-F56FFFB37BEA}.Debug|Any CPU.ActiveCfg = Debug|Any CPU
		{B6A66714-2BC1-4B44-B7EB-F56FFFB37BEA}.Debug|Any CPU.Build.0 = Debug|Any CPU
		{B6A66714-2BC1-4B44-B7EB-F56FFFB37BEA}.Release|Any CPU.ActiveCfg = Release|Any CPU
		{B6A66714-2BC1-4B44-B7EB-F56FFFB37BEA}.Release|Any CPU.Build.0 = Release|Any CPU
		{E3175397-7348-4B31-B1BC-4B34A786B303}.Debug|Any CPU.ActiveCfg = Debug|Any CPU
		{E3175397-7348-4B31-B1BC-4B34A786B303}.Debug|Any CPU.Build.0 = Debug|Any CPU
		{E3175397-7348-4B31-B1BC-4B34A786B303}.Release|Any CPU.ActiveCfg = Release|Any CPU
		{E3175397-7348-4B31-B1BC-4B34A786B303}.Release|Any CPU.Build.0 = Release|Any CPU
		{3D727213-0CA5-4852-ABD5-D580D43960E4}.Debug|Any CPU.ActiveCfg = Debug|Any CPU
		{3D727213-0CA5-4852-ABD5-D580D43960E4}.Debug|Any CPU.Build.0 = Debug|Any CPU
		{3D727213-0CA5-4852-ABD5-D580D43960E4}.Release|Any CPU.ActiveCfg = Release|Any CPU
		{3D727213-0CA5-4852-ABD5-D580D43960E4}.Release|Any CPU.Build.0 = Release|Any CPU
		{0661027A-149E-4560-BF2C-79F58479640A}.Debug|Any CPU.ActiveCfg = Debug|Any CPU
		{0661027A-149E-4560-BF2C-79F58479640A}.Debug|Any CPU.Build.0 = Debug|Any CPU
		{0661027A-149E-4560-BF2C-79F58479640A}.Release|Any CPU.ActiveCfg = Release|Any CPU
		{0661027A-149E-4560-BF2C-79F58479640A}.Release|Any CPU.Build.0 = Release|Any CPU
	EndGlobalSection
	GlobalSection(NestedProjects) = preSolution
		{6E6121C8-0518-4734-988B-396D204C54F7} = {36EE9E22-1E3A-476C-8FBA-6D341D1C4D0E}
		{A41B0565-2C10-409D-9858-6EA48A2DF407} = {36EE9E22-1E3A-476C-8FBA-6D341D1C4D0E}
		{A8264AB2-3102-49BA-B218-A41E23E70D32} = {36EE9E22-1E3A-476C-8FBA-6D341D1C4D0E}
		{8C6A2F0C-F776-46C0-9F03-822D84BF8FCE} = {A41B0565-2C10-409D-9858-6EA48A2DF407}
		{E40E6204-74AE-4D83-B978-4AED19E5D4DE} = {A41B0565-2C10-409D-9858-6EA48A2DF407}
		{BA996B13-2FDD-4FE1-9924-621400864E10} = {A41B0565-2C10-409D-9858-6EA48A2DF407}
		{317774A5-009D-4BFA-9978-223C395B86E0} = {A41B0565-2C10-409D-9858-6EA48A2DF407}
		{B6A66714-2BC1-4B44-B7EB-F56FFFB37BEA} = {A8264AB2-3102-49BA-B218-A41E23E70D32}
		{E3175397-7348-4B31-B1BC-4B34A786B303} = {A8264AB2-3102-49BA-B218-A41E23E70D32}
		{3D727213-0CA5-4852-ABD5-D580D43960E4} = {A8264AB2-3102-49BA-B218-A41E23E70D32}
		{0661027A-149E-4560-BF2C-79F58479640A} = {A8264AB2-3102-49BA-B218-A41E23E70D32}
	EndGlobalSection
EndGlobal
